
Microsoft Visual Studio Solution File, Format Version 12.00
# Visual Studio Version 16
VisualStudioVersion = 16.0.30711.63
MinimumVisualStudioVersion = 10.0.40219.1
Project("{FAE04EC0-301F-11D3-BF4B-00C04F79EFBC}") = "EditTest", "EditTest\EditTest.csproj", "{67A735B7-7B61-4CFE-8F7C-8EEF0D71867A}"
EndProject
Global
	GlobalSection(SolutionConfigurationPlatforms) = preSolution
		Debug|Any CPU = Debug|Any CPU
		Release|Any CPU = Release|Any CPU
	EndGlobalSection
	GlobalSection(ProjectConfigurationPlatforms) = postSolution
		{67A735B7-7B61-4CFE-8F7C-8EEF0D71867A}.Debug|Any CPU.ActiveCfg = Debug|Any CPU
		{67A735B7-7B61-4CFE-8F7C-8EEF0D71867A}.Debug|Any CPU.Build.0 = Debug|Any CPU
		{67A735B7-7B61-4CFE-8F7C-8EEF0D71867A}.Release|Any CPU.ActiveCfg = Release|Any CPU
		{67A735B7-7B61-4CFE-8F7C-8EEF0D71867A}.Release|Any CPU.Build.0 = Release|Any CPU
	EndGlobalSection
	GlobalSection(SolutionProperties) = preSolution
		HideSolutionNode = FALSE
	EndGlobalSection
	GlobalSection(ExtensibilityGlobals) = postSolution
		SolutionGuid = {3EFBA3B0-3838-4B36-9A6E-2BECFEEAA4B5}
	EndGlobalSection
EndGlobal
